// !$*UTF8*$!
{
	archiveVersion = 1;
	classes = {
	};
	objectVersion = 46;
	objects = {

/* Begin PBXBuildFile section */
		2E84DB251CB9769C00E7244D /* main.m in Sources */ = {isa = PBXBuildFile; fileRef = 2E84DB241CB9769C00E7244D /* main.m */; };
		2E84DB281CB9769C00E7244D /* AppDelegate.m in Sources */ = {isa = PBXBuildFile; fileRef = 2E84DB271CB9769C00E7244D /* AppDelegate.m */; };
		2E84DB2B1CB9769C00E7244D /* ViewController.m in Sources */ = {isa = PBXBuildFile; fileRef = 2E84DB2A1CB9769C00E7244D /* ViewController.m */; };
		2E84DB2E1CB9769C00E7244D /* Main.storyboard in Resources */ = {isa = PBXBuildFile; fileRef = 2E84DB2C1CB9769C00E7244D /* Main.storyboard */; };
		2E84DB301CB9769C00E7244D /* Assets.xcassets in Resources */ = {isa = PBXBuildFile; fileRef = 2E84DB2F1CB9769C00E7244D /* Assets.xcassets */; };
		2E84DB331CB9769C00E7244D /* LaunchScreen.storyboard in Resources */ = {isa = PBXBuildFile; fileRef = 2E84DB311CB9769C00E7244D /* LaunchScreen.storyboard */; };
		2E84DB3E1CB9769C00E7244D /* App2Tests.m in Sources */ = {isa = PBXBuildFile; fileRef = 2E84DB3D1CB9769C00E7244D /* App2Tests.m */; };
		2E84DB491CB9769C00E7244D /* App2UITests.m in Sources */ = {isa = PBXBuildFile; fileRef = 2E84DB481CB9769C00E7244D /* App2UITests.m */; };
/* End PBXBuildFile section */

/* Begin PBXContainerItemProxy section */
		2E84DB3A1CB9769C00E7244D /* PBXContainerItemProxy */ = {
			isa = PBXContainerItemProxy;
			containerPortal = 2E84DB181CB9769C00E7244D /* Project object */;
			proxyType = 1;
			remoteGlobalIDString = 2E84DB1F1CB9769C00E7244D;
			remoteInfo = App2;
		};
		2E84DB451CB9769C00E7244D /* PBXContainerItemProxy */ = {
			isa = PBXContainerItemProxy;
			containerPortal = 2E84DB181CB9769C00E7244D /* Project object */;
			proxyType = 1;
			remoteGlobalIDString = 2E84DB1F1CB9769C00E7244D;
			remoteInfo = App2;
		};
/* End PBXContainerItemProxy section */

/* Begin PBXFileReference section */
		2E84DB201CB9769C00E7244D /* App2.app */ = {isa = PBXFileReference; explicitFileType = wrapper.application; includeInIndex = 0; path = App2.app; sourceTree = BUILT_PRODUCTS_DIR; };
		2E84DB241CB9769C00E7244D /* main.m */ = {isa = PBXFileReference; lastKnownFileType = sourcecode.c.objc; path = main.m; sourceTree = "<group>"; };
		2E84DB261CB9769C00E7244D /* AppDelegate.h */ = {isa = PBXFileReference; lastKnownFileType = sourcecode.c.h; path = AppDelegate.h; sourceTree = "<group>"; };
		2E84DB271CB9769C00E7244D /* AppDelegate.m */ = {isa = PBXFileReference; lastKnownFileType = sourcecode.c.objc; path = AppDelegate.m; sourceTree = "<group>"; };
		2E84DB291CB9769C00E7244D /* ViewController.h */ = {isa = PBXFileReference; lastKnownFileType = sourcecode.c.h; path = ViewController.h; sourceTree = "<group>"; };
		2E84DB2A1CB9769C00E7244D /* ViewController.m */ = {isa = PBXFileReference; lastKnownFileType = sourcecode.c.objc; path = ViewController.m; sourceTree = "<group>"; };
		2E84DB2D1CB9769C00E7244D /* Base */ = {isa = PBXFileReference; lastKnownFileType = file.storyboard; name = Base; path = Base.lproj/Main.storyboard; sourceTree = "<group>"; };
		2E84DB2F1CB9769C00E7244D /* Assets.xcassets */ = {isa = PBXFileReference; lastKnownFileType = folder.assetcatalog; path = Assets.xcassets; sourceTree = "<group>"; };
		2E84DB321CB9769C00E7244D /* Base */ = {isa = PBXFileReference; lastKnownFileType = file.storyboard; name = Base; path = Base.lproj/LaunchScreen.storyboard; sourceTree = "<group>"; };
		2E84DB341CB9769C00E7244D /* Info.plist */ = {isa = PBXFileReference; lastKnownFileType = text.plist.xml; path = Info.plist; sourceTree = "<group>"; };
		2E84DB391CB9769C00E7244D /* App2Tests.xctest */ = {isa = PBXFileReference; explicitFileType = wrapper.cfbundle; includeInIndex = 0; path = App2Tests.xctest; sourceTree = BUILT_PRODUCTS_DIR; };
		2E84DB3D1CB9769C00E7244D /* App2Tests.m */ = {isa = PBXFileReference; lastKnownFileType = sourcecode.c.objc; path = App2Tests.m; sourceTree = "<group>"; };
		2E84DB3F1CB9769C00E7244D /* Info.plist */ = {isa = PBXFileReference; lastKnownFileType = text.plist.xml; path = Info.plist; sourceTree = "<group>"; };
		2E84DB441CB9769C00E7244D /* App2UITests.xctest */ = {isa = PBXFileReference; explicitFileType = wrapper.cfbundle; includeInIndex = 0; path = App2UITests.xctest; sourceTree = BUILT_PRODUCTS_DIR; };
		2E84DB481CB9769C00E7244D /* App2UITests.m */ = {isa = PBXFileReference; lastKnownFileType = sourcecode.c.objc; path = App2UITests.m; sourceTree = "<group>"; };
		2E84DB4A1CB9769C00E7244D /* Info.plist */ = {isa = PBXFileReference; lastKnownFileType = text.plist.xml; path = Info.plist; sourceTree = "<group>"; };
/* End PBXFileReference section */

/* Begin PBXFrameworksBuildPhase section */
		2E84DB1D1CB9769C00E7244D /* Frameworks */ = {
			isa = PBXFrameworksBuildPhase;
			buildActionMask = 2147483647;
			files = (
			);
			runOnlyForDeploymentPostprocessing = 0;
		};
		2E84DB361CB9769C00E7244D /* Frameworks */ = {
			isa = PBXFrameworksBuildPhase;
			buildActionMask = 2147483647;
			files = (
			);
			runOnlyForDeploymentPostprocessing = 0;
		};
		2E84DB411CB9769C00E7244D /* Frameworks */ = {
			isa = PBXFrameworksBuildPhase;
			buildActionMask = 2147483647;
			files = (
			);
			runOnlyForDeploymentPostprocessing = 0;
		};
/* End PBXFrameworksBuildPhase section */

/* Begin PBXGroup section */
		2E84DB171CB9769C00E7244D = {
			isa = PBXGroup;
			children = (
				2E84DB221CB9769C00E7244D /* App2 */,
				2E84DB3C1CB9769C00E7244D /* App2Tests */,
				2E84DB471CB9769C00E7244D /* App2UITests */,
				2E84DB211CB9769C00E7244D /* Products */,
			);
			sourceTree = "<group>";
		};
		2E84DB211CB9769C00E7244D /* Products */ = {
			isa = PBXGroup;
			children = (
				2E84DB201CB9769C00E7244D /* App2.app */,
				2E84DB391CB9769C00E7244D /* App2Tests.xctest */,
				2E84DB441CB9769C00E7244D /* App2UITests.xctest */,
			);
			name = Products;
			sourceTree = "<group>";
		};
		2E84DB221CB9769C00E7244D /* App2 */ = {
			isa = PBXGroup;
			children = (
				2E84DB261CB9769C00E7244D /* AppDelegate.h */,
				2E84DB271CB9769C00E7244D /* AppDelegate.m */,
				2E84DB291CB9769C00E7244D /* ViewController.h */,
				2E84DB2A1CB9769C00E7244D /* ViewController.m */,
				2E84DB2C1CB9769C00E7244D /* Main.storyboard */,
				2E84DB2F1CB9769C00E7244D /* Assets.xcassets */,
				2E84DB311CB9769C00E7244D /* LaunchScreen.storyboard */,
				2E84DB341CB9769C00E7244D /* Info.plist */,
				2E84DB231CB9769C00E7244D /* Supporting Files */,
			);
			path = App2;
			sourceTree = "<group>";
		};
		2E84DB231CB9769C00E7244D /* Supporting Files */ = {
			isa = PBXGroup;
			children = (
				2E84DB241CB9769C00E7244D /* main.m */,
			);
			name = "Supporting Files";
			sourceTree = "<group>";
		};
		2E84DB3C1CB9769C00E7244D /* App2Tests */ = {
			isa = PBXGroup;
			children = (
				2E84DB3D1CB9769C00E7244D /* App2Tests.m */,
				2E84DB3F1CB9769C00E7244D /* Info.plist */,
			);
			path = App2Tests;
			sourceTree = "<group>";
		};
		2E84DB471CB9769C00E7244D /* App2UITests */ = {
			isa = PBXGroup;
			children = (
				2E84DB481CB9769C00E7244D /* App2UITests.m */,
				2E84DB4A1CB9769C00E7244D /* Info.plist */,
			);
			path = App2UITests;
			sourceTree = "<group>";
		};
/* End PBXGroup section */

/* Begin PBXNativeTarget section */
		2E84DB1F1CB9769C00E7244D /* App2 */ = {
			isa = PBXNativeTarget;
			buildConfigurationList = 2E84DB4D1CB9769C00E7244D /* Build configuration list for PBXNativeTarget "App2" */;
			buildPhases = (
				2E84DB1C1CB9769C00E7244D /* Sources */,
				2E84DB1D1CB9769C00E7244D /* Frameworks */,
				2E84DB1E1CB9769C00E7244D /* Resources */,
			);
			buildRules = (
			);
			dependencies = (
			);
			name = App2;
			productName = App2;
			productReference = 2E84DB201CB9769C00E7244D /* App2.app */;
			productType = "com.apple.product-type.application";
		};
		2E84DB381CB9769C00E7244D /* App2Tests */ = {
			isa = PBXNativeTarget;
			buildConfigurationList = 2E84DB501CB9769C00E7244D /* Build configuration list for PBXNativeTarget "App2Tests" */;
			buildPhases = (
				2E84DB351CB9769C00E7244D /* Sources */,
				2E84DB361CB9769C00E7244D /* Frameworks */,
				2E84DB371CB9769C00E7244D /* Resources */,
			);
			buildRules = (
			);
			dependencies = (
				2E84DB3B1CB9769C00E7244D /* PBXTargetDependency */,
			);
			name = App2Tests;
			productName = App2Tests;
			productReference = 2E84DB391CB9769C00E7244D /* App2Tests.xctest */;
			productType = "com.apple.product-type.bundle.unit-test";
		};
		2E84DB431CB9769C00E7244D /* App2UITests */ = {
			isa = PBXNativeTarget;
			buildConfigurationList = 2E84DB531CB9769C00E7244D /* Build configuration list for PBXNativeTarget "App2UITests" */;
			buildPhases = (
				2E84DB401CB9769C00E7244D /* Sources */,
				2E84DB411CB9769C00E7244D /* Frameworks */,
				2E84DB421CB9769C00E7244D /* Resources */,
			);
			buildRules = (
			);
			dependencies = (
				2E84DB461CB9769C00E7244D /* PBXTargetDependency */,
			);
			name = App2UITests;
			productName = App2UITests;
			productReference = 2E84DB441CB9769C00E7244D /* App2UITests.xctest */;
			productType = "com.apple.product-type.bundle.ui-testing";
		};
/* End PBXNativeTarget section */

/* Begin PBXProject section */
		2E84DB181CB9769C00E7244D /* Project object */ = {
			isa = PBXProject;
			attributes = {
				LastUpgradeCheck = 0730;
				ORGANIZATIONNAME = "Khiem Huynh";
				TargetAttributes = {
					2E84DB1F1CB9769C00E7244D = {
						CreatedOnToolsVersion = 7.3;
						DevelopmentTeam = NYH28ZBEQ4;
					};
					2E84DB381CB9769C00E7244D = {
						CreatedOnToolsVersion = 7.3;
						DevelopmentTeam = NYH28ZBEQ4;
						TestTargetID = 2E84DB1F1CB9769C00E7244D;
					};
					2E84DB431CB9769C00E7244D = {
						CreatedOnToolsVersion = 7.3;
						DevelopmentTeam = NYH28ZBEQ4;
						TestTargetID = 2E84DB1F1CB9769C00E7244D;
					};
				};
			};
			buildConfigurationList = 2E84DB1B1CB9769C00E7244D /* Build configuration list for PBXProject "App2" */;
			compatibilityVersion = "Xcode 3.2";
			developmentRegion = English;
			hasScannedForEncodings = 0;
			knownRegions = (
				en,
				Base,
			);
			mainGroup = 2E84DB171CB9769C00E7244D;
			productRefGroup = 2E84DB211CB9769C00E7244D /* Products */;
			projectDirPath = "";
			projectRoot = "";
			targets = (
				2E84DB1F1CB9769C00E7244D /* App2 */,
				2E84DB381CB9769C00E7244D /* App2Tests */,
				2E84DB431CB9769C00E7244D /* App2UITests */,
			);
		};
/* End PBXProject section */

/* Begin PBXResourcesBuildPhase section */
		2E84DB1E1CB9769C00E7244D /* Resources */ = {
			isa = PBXResourcesBuildPhase;
			buildActionMask = 2147483647;
			files = (
				2E84DB331CB9769C00E7244D /* LaunchScreen.storyboard in Resources */,
				2E84DB301CB9769C00E7244D /* Assets.xcassets in Resources */,
				2E84DB2E1CB9769C00E7244D /* Main.storyboard in Resources */,
			);
			runOnlyForDeploymentPostprocessing = 0;
		};
		2E84DB371CB9769C00E7244D /* Resources */ = {
			isa = PBXResourcesBuildPhase;
			buildActionMask = 2147483647;
			files = (
			);
			runOnlyForDeploymentPostprocessing = 0;
		};
		2E84DB421CB9769C00E7244D /* Resources */ = {
			isa = PBXResourcesBuildPhase;
			buildActionMask = 2147483647;
			files = (
			);
			runOnlyForDeploymentPostprocessing = 0;
		};
/* End PBXResourcesBuildPhase section */

/* Begin PBXSourcesBuildPhase section */
		2E84DB1C1CB9769C00E7244D /* Sources */ = {
			isa = PBXSourcesBuildPhase;
			buildActionMask = 2147483647;
			files = (
				2E84DB2B1CB9769C00E7244D /* ViewController.m in Sources */,
				2E84DB281CB9769C00E7244D /* AppDelegate.m in Sources */,
				2E84DB251CB9769C00E7244D /* main.m in Sources */,
			);
			runOnlyForDeploymentPostprocessing = 0;
		};
		2E84DB351CB9769C00E7244D /* Sources */ = {
			isa = PBXSourcesBuildPhase;
			buildActionMask = 2147483647;
			files = (
				2E84DB3E1CB9769C00E7244D /* App2Tests.m in Sources */,
			);
			runOnlyForDeploymentPostprocessing = 0;
		};
		2E84DB401CB9769C00E7244D /* Sources */ = {
			isa = PBXSourcesBuildPhase;
			buildActionMask = 2147483647;
			files = (
				2E84DB491CB9769C00E7244D /* App2UITests.m in Sources */,
			);
			runOnlyForDeploymentPostprocessing = 0;
		};
/* End PBXSourcesBuildPhase section */

/* Begin PBXTargetDependency section */
		2E84DB3B1CB9769C00E7244D /* PBXTargetDependency */ = {
			isa = PBXTargetDependency;
			target = 2E84DB1F1CB9769C00E7244D /* App2 */;
			targetProxy = 2E84DB3A1CB9769C00E7244D /* PBXContainerItemProxy */;
		};
		2E84DB461CB9769C00E7244D /* PBXTargetDependency */ = {
			isa = PBXTargetDependency;
			target = 2E84DB1F1CB9769C00E7244D /* App2 */;
			targetProxy = 2E84DB451CB9769C00E7244D /* PBXContainerItemProxy */;
		};
/* End PBXTargetDependency section */

/* Begin PBXVariantGroup section */
		2E84DB2C1CB9769C00E7244D /* Main.storyboard */ = {
			isa = PBXVariantGroup;
			children = (
				2E84DB2D1CB9769C00E7244D /* Base */,
			);
			name = Main.storyboard;
			sourceTree = "<group>";
		};
		2E84DB311CB9769C00E7244D /* LaunchScreen.storyboard */ = {
			isa = PBXVariantGroup;
			children = (
				2E84DB321CB9769C00E7244D /* Base */,
			);
			name = LaunchScreen.storyboard;
			sourceTree = "<group>";
		};
/* End PBXVariantGroup section */

/* Begin XCBuildConfiguration section */
		2E84DB4B1CB9769C00E7244D /* Debug */ = {
			isa = XCBuildConfiguration;
			buildSettings = {
				ALWAYS_SEARCH_USER_PATHS = NO;
				CLANG_ANALYZER_NONNULL = YES;
				CLANG_CXX_LANGUAGE_STANDARD = "gnu++0x";
				CLANG_CXX_LIBRARY = "libc++";
				CLANG_ENABLE_MODULES = YES;
				CLANG_ENABLE_OBJC_ARC = YES;
				CLANG_WARN_BOOL_CONVERSION = YES;
				CLANG_WARN_CONSTANT_CONVERSION = YES;
				CLANG_WARN_DIRECT_OBJC_ISA_USAGE = YES_ERROR;
				CLANG_WARN_EMPTY_BODY = YES;
				CLANG_WARN_ENUM_CONVERSION = YES;
				CLANG_WARN_INT_CONVERSION = YES;
				CLANG_WARN_OBJC_ROOT_CLASS = YES_ERROR;
				CLANG_WARN_UNREACHABLE_CODE = YES;
				CLANG_WARN__DUPLICATE_METHOD_MATCH = YES;
				"CODE_SIGN_IDENTITY[sdk=iphoneos*]" = "iPhone Developer";
				COPY_PHASE_STRIP = NO;
				DEBUG_INFORMATION_FORMAT = dwarf;
				ENABLE_STRICT_OBJC_MSGSEND = YES;
				ENABLE_TESTABILITY = YES;
				GCC_C_LANGUAGE_STANDARD = gnu99;
				GCC_DYNAMIC_NO_PIC = NO;
				GCC_NO_COMMON_BLOCKS = YES;
				GCC_OPTIMIZATION_LEVEL = 0;
				GCC_PREPROCESSOR_DEFINITIONS = (
					"DEBUG=1",
					"$(inherited)",
				);
				GCC_WARN_64_TO_32_BIT_CONVERSION = YES;
				GCC_WARN_ABOUT_RETURN_TYPE = YES_ERROR;
				GCC_WARN_UNDECLARED_SELECTOR = YES;
				GCC_WARN_UNINITIALIZED_AUTOS = YES_AGGRESSIVE;
				GCC_WARN_UNUSED_FUNCTION = YES;
				GCC_WARN_UNUSED_VARIABLE = YES;
				IPHONEOS_DEPLOYMENT_TARGET = 9.3;
				MTL_ENABLE_DEBUG_INFO = YES;
				ONLY_ACTIVE_ARCH = YES;
				SDKROOT = iphoneos;
			};
			name = Debug;
		};
		2E84DB4C1CB9769C00E7244D /* Release */ = {
			isa = XCBuildConfiguration;
			buildSettings = {
				ALWAYS_SEARCH_USER_PATHS = NO;
				CLANG_ANALYZER_NONNULL = YES;
				CLANG_CXX_LANGUAGE_STANDARD = "gnu++0x";
				CLANG_CXX_LIBRARY = "libc++";
				CLANG_ENABLE_MODULES = YES;
				CLANG_ENABLE_OBJC_ARC = YES;
				CLANG_WARN_BOOL_CONVERSION = YES;
				CLANG_WARN_CONSTANT_CONVERSION = YES;
				CLANG_WARN_DIRECT_OBJC_ISA_USAGE = YES_ERROR;
				CLANG_WARN_EMPTY_BODY = YES;
				CLANG_WARN_ENUM_CONVERSION = YES;
				CLANG_WARN_INT_CONVERSION = YES;
				CLANG_WARN_OBJC_ROOT_CLASS = YES_ERROR;
				CLANG_WARN_UNREACHABLE_CODE = YES;
				CLANG_WARN__DUPLICATE_METHOD_MATCH = YES;
				"CODE_SIGN_IDENTITY[sdk=iphoneos*]" = "iPhone Developer";
				COPY_PHASE_STRIP = NO;
				DEBUG_INFORMATION_FORMAT = "dwarf-with-dsym";
				ENABLE_NS_ASSERTIONS = NO;
				ENABLE_STRICT_OBJC_MSGSEND = YES;
				GCC_C_LANGUAGE_STANDARD = gnu99;
				GCC_NO_COMMON_BLOCKS = YES;
				GCC_WARN_64_TO_32_BIT_CONVERSION = YES;
				GCC_WARN_ABOUT_RETURN_TYPE = YES_ERROR;
				GCC_WARN_UNDECLARED_SELECTOR = YES;
				GCC_WARN_UNINITIALIZED_AUTOS = YES_AGGRESSIVE;
				GCC_WARN_UNUSED_FUNCTION = YES;
				GCC_WARN_UNUSED_VARIABLE = YES;
				IPHONEOS_DEPLOYMENT_TARGET = 9.3;
				MTL_ENABLE_DEBUG_INFO = NO;
				SDKROOT = iphoneos;
				VALIDATE_PRODUCT = YES;
			};
			name = Release;
		};
		2E84DB4E1CB9769C00E7244D /* Debug */ = {
			isa = XCBuildConfiguration;
			buildSettings = {
				ASSETCATALOG_COMPILER_APPICON_NAME = AppIcon;
				INFOPLIST_FILE = App2/Info.plist;
				LD_RUNPATH_SEARCH_PATHS = "$(inherited) @executable_path/Frameworks";
				PRODUCT_BUNDLE_IDENTIFIER = khiemhuynh..App2;
				PRODUCT_NAME = "$(TARGET_NAME)";
			};
			name = Debug;
		};
		2E84DB4F1CB9769C00E7244D /* Release */ = {
			isa = XCBuildConfiguration;
			buildSettings = {
				ASSETCATALOG_COMPILER_APPICON_NAME = AppIcon;
				INFOPLIST_FILE = App2/Info.plist;
				LD_RUNPATH_SEARCH_PATHS = "$(inherited) @executable_path/Frameworks";
				PRODUCT_BUNDLE_IDENTIFIER = khiemhuynh..App2;
				PRODUCT_NAME = "$(TARGET_NAME)";
			};
			name = Release;
		};
		2E84DB511CB9769C00E7244D /* Debug */ = {
			isa = XCBuildConfiguration;
			buildSettings = {
				BUNDLE_LOADER = "$(TEST_HOST)";
				INFOPLIST_FILE = App2Tests/Info.plist;
				LD_RUNPATH_SEARCH_PATHS = "$(inherited) @executable_path/Frameworks @loader_path/Frameworks";
				PRODUCT_BUNDLE_IDENTIFIER = khiemhuynh..App2Tests;
				PRODUCT_NAME = "$(TARGET_NAME)";
				TEST_HOST = "$(BUILT_PRODUCTS_DIR)/App2.app/App2";
			};
			name = Debug;
		};
		2E84DB521CB9769C00E7244D /* Release */ = {
			isa = XCBuildConfiguration;
			buildSettings = {
				BUNDLE_LOADER = "$(TEST_HOST)";
				INFOPLIST_FILE = App2Tests/Info.plist;
				LD_RUNPATH_SEARCH_PATHS = "$(inherited) @executable_path/Frameworks @loader_path/Frameworks";
				PRODUCT_BUNDLE_IDENTIFIER = khiemhuynh..App2Tests;
				PRODUCT_NAME = "$(TARGET_NAME)";
				TEST_HOST = "$(BUILT_PRODUCTS_DIR)/App2.app/App2";
			};
			name = Release;
		};
		2E84DB541CB9769C00E7244D /* Debug */ = {
			isa = XCBuildConfiguration;
			buildSettings = {
				INFOPLIST_FILE = App2UITests/Info.plist;
				LD_RUNPATH_SEARCH_PATHS = "$(inherited) @executable_path/Frameworks @loader_path/Frameworks";
				PRODUCT_BUNDLE_IDENTIFIER = khiemhuynh..App2UITests;
				PRODUCT_NAME = "$(TARGET_NAME)";
				TEST_TARGET_NAME = App2;
			};
			name = Debug;
		};
		2E84DB551CB9769C00E7244D /* Release */ = {
			isa = XCBuildConfiguration;
			buildSettings = {
				INFOPLIST_FILE = App2UITests/Info.plist;
				LD_RUNPATH_SEARCH_PATHS = "$(inherited) @executable_path/Frameworks @loader_path/Frameworks";
				PRODUCT_BUNDLE_IDENTIFIER = khiemhuynh..App2UITests;
				PRODUCT_NAME = "$(TARGET_NAME)";
				TEST_TARGET_NAME = App2;
			};
			name = Release;
		};
/* End XCBuildConfiguration section */

/* Begin XCConfigurationList section */
		2E84DB1B1CB9769C00E7244D /* Build configuration list for PBXProject "App2" */ = {
			isa = XCConfigurationList;
			buildConfigurations = (
				2E84DB4B1CB9769C00E7244D /* Debug */,
				2E84DB4C1CB9769C00E7244D /* Release */,
			);
			defaultConfigurationIsVisible = 0;
			defaultConfigurationName = Release;
		};
		2E84DB4D1CB9769C00E7244D /* Build configuration list for PBXNativeTarget "App2" */ = {
			isa = XCConfigurationList;
			buildConfigurations = (
				2E84DB4E1CB9769C00E7244D /* Debug */,
				2E84DB4F1CB9769C00E7244D /* Release */,
			);
			defaultConfigurationIsVisible = 0;
		};
		2E84DB501CB9769C00E7244D /* Build configuration list for PBXNativeTarget "App2Tests" */ = {
			isa = XCConfigurationList;
			buildConfigurations = (
				2E84DB511CB9769C00E7244D /* Debug */,
				2E84DB521CB9769C00E7244D /* Release */,
			);
			defaultConfigurationIsVisible = 0;
		};
		2E84DB531CB9769C00E7244D /* Build configuration list for PBXNativeTarget "App2UITests" */ = {
			isa = XCConfigurationList;
			buildConfigurations = (
				2E84DB541CB9769C00E7244D /* Debug */,
				2E84DB551CB9769C00E7244D /* Release */,
			);
			defaultConfigurationIsVisible = 0;
		};
/* End XCConfigurationList section */
	};
	rootObject = 2E84DB181CB9769C00E7244D /* Project object */;
}
